{
  "object": {
    "pins": [
      {
        "package": "StringKit",
        "repositoryURL": "https://github.com/RickStreet/StringKit.git",
        "state": {
          "branch": null,
          "revision": "f0b2000cb82ea636499214084df3e9cee5f46c0e",
          "version": "1.0.44"
        }
      }
    ]
  },
  "version": 1
}
