{
  "object": {
    "pins": [
      {
        "package": "StringKit",
        "repositoryURL": "https://github.com/RickStreet/StringKit.git",
        "state": {
          "branch": null,
          "revision": "c5ae3178027fe073291192a7d6bd37944ecc361f",
          "version": "1.0.35"
        }
      }
    ]
  },
  "version": 1
}
