{
  "object": {
    "pins": [
      {
        "package": "StringKit",
        "repositoryURL": "https://github.com/RickStreet/StringKit.git",
        "state": {
          "branch": null,
          "revision": "ad28b8efb888c591f4b23355a0947ffd22eb46a4",
          "version": "1.0.19"
        }
      }
    ]
  },
  "version": 1
}
